// !$*UTF8*$!
{
	archiveVersion = 1;
	classes = {
	};
	objectVersion = 46;
	objects = {

/* Begin PBXBuildFile section */
		AC8D55BF266E4E5800FEDBAC /* WaitingRoomViewController.m in Sources */ = {isa = PBXBuildFile; fileRef = AC8D55BA266E4E5800FEDBAC /* WaitingRoomViewController.m */; };
		AC8D55C0266E4E5800FEDBAC /* MuteRecomendViewController.m in Sources */ = {isa = PBXBuildFile; fileRef = AC8D55BB266E4E5800FEDBAC /* MuteRecomendViewController.m */; };
		AC8D55C1266E4E5800FEDBAC /* SmartJoinEmbedViewController.m in Sources */ = {isa = PBXBuildFile; fileRef = AC8D55BC266E4E5800FEDBAC /* SmartJoinEmbedViewController.m */; };
		AC8D55C2266E4E5800FEDBAC /* AccessPinViewController.m in Sources */ = {isa = PBXBuildFile; fileRef = AC8D55BE266E4E5800FEDBAC /* AccessPinViewController.m */; };
		AC8D55C6266E4E6100FEDBAC /* JoinButton.m in Sources */ = {isa = PBXBuildFile; fileRef = AC8D55C5266E4E6100FEDBAC /* JoinButton.m */; };
		AC8D55C9266E4E6800FEDBAC /* SmartJoinViewController.m in Sources */ = {isa = PBXBuildFile; fileRef = AC8D55C8266E4E6800FEDBAC /* SmartJoinViewController.m */; };
		ACA576A22670F5D400A0D41D /* DotsAnimationView.xib in Resources */ = {isa = PBXBuildFile; fileRef = ACA576A12670F5D400A0D41D /* DotsAnimationView.xib */; };
		ACAAFBD4266FA02800BC85D9 /* Utils.m in Sources */ = {isa = PBXBuildFile; fileRef = ACAAFBD3266FA02800BC85D9 /* Utils.m */; };
		ACAAFBD7266FA3BC00BC85D9 /* DotsAnimationView.m in Sources */ = {isa = PBXBuildFile; fileRef = ACAAFBD6266FA3BC00BC85D9 /* DotsAnimationView.m */; };
		ACAAFBDA266FA3D600BC85D9 /* CircleDot.m in Sources */ = {isa = PBXBuildFile; fileRef = ACAAFBD8266FA3D500BC85D9 /* CircleDot.m */; };
		C7E6FDB960DD0FFEC4E59E96 /* Pods_TeeVidSample.framework in Frameworks */ = {isa = PBXBuildFile; fileRef = 9E8776C09444AE92DEEDEBAF /* Pods_TeeVidSample.framework */; };
		F583C37A1F812AB200D043DF /* ConferenceViewController.m in Sources */ = {isa = PBXBuildFile; fileRef = F583C3791F812AB200D043DF /* ConferenceViewController.m */; };
		F583C3851F813A3400D043DF /* TeeVidClient.framework in Frameworks */ = {isa = PBXBuildFile; fileRef = F583C3811F813A3400D043DF /* TeeVidClient.framework */; };
		F583C3861F813A3400D043DF /* WebRTC.framework in Frameworks */ = {isa = PBXBuildFile; fileRef = F583C3821F813A3400D043DF /* WebRTC.framework */; };
		F583C38C1F813A5700D043DF /* TeeVidClient.framework in Embed Frameworks */ = {isa = PBXBuildFile; fileRef = F583C3811F813A3400D043DF /* TeeVidClient.framework */; settings = {ATTRIBUTES = (CodeSignOnCopy, RemoveHeadersOnCopy, ); }; };
		F583C38E1F813A5700D043DF /* WebRTC.framework in Embed Frameworks */ = {isa = PBXBuildFile; fileRef = F583C3821F813A3400D043DF /* WebRTC.framework */; settings = {ATTRIBUTES = (CodeSignOnCopy, RemoveHeadersOnCopy, ); }; };
		F5A6A8281F5DA7EF005E109F /* main.m in Sources */ = {isa = PBXBuildFile; fileRef = F5A6A8271F5DA7EF005E109F /* main.m */; };
		F5A6A82B1F5DA7EF005E109F /* AppDelegate.m in Sources */ = {isa = PBXBuildFile; fileRef = F5A6A82A1F5DA7EF005E109F /* AppDelegate.m */; };
		F5A6A82E1F5DA7EF005E109F /* EntryViewController.m in Sources */ = {isa = PBXBuildFile; fileRef = F5A6A82D1F5DA7EF005E109F /* EntryViewController.m */; };
		F5A6A8311F5DA7EF005E109F /* Main.storyboard in Resources */ = {isa = PBXBuildFile; fileRef = F5A6A82F1F5DA7EF005E109F /* Main.storyboard */; };
		F5A6A8331F5DA7EF005E109F /* Assets.xcassets in Resources */ = {isa = PBXBuildFile; fileRef = F5A6A8321F5DA7EF005E109F /* Assets.xcassets */; };
		F5A6A8361F5DA7EF005E109F /* LaunchScreen.storyboard in Resources */ = {isa = PBXBuildFile; fileRef = F5A6A8341F5DA7EF005E109F /* LaunchScreen.storyboard */; };
/* End PBXBuildFile section */

/* Begin PBXCopyFilesBuildPhase section */
		F583C38F1F813A5700D043DF /* Embed Frameworks */ = {
			isa = PBXCopyFilesBuildPhase;
			buildActionMask = 2147483647;
			dstPath = "";
			dstSubfolderSpec = 10;
			files = (
				F583C38C1F813A5700D043DF /* TeeVidClient.framework in Embed Frameworks */,
				F583C38E1F813A5700D043DF /* WebRTC.framework in Embed Frameworks */,
			);
			name = "Embed Frameworks";
			runOnlyForDeploymentPostprocessing = 0;
		};
/* End PBXCopyFilesBuildPhase section */

/* Begin PBXFileReference section */
		843CE7A9BE7DE74AE9CDFD13 /* Pods-TeeVidSample.debug.xcconfig */ = {isa = PBXFileReference; includeInIndex = 1; lastKnownFileType = text.xcconfig; name = "Pods-TeeVidSample.debug.xcconfig"; path = "Target Support Files/Pods-TeeVidSample/Pods-TeeVidSample.debug.xcconfig"; sourceTree = "<group>"; };
		8ADE23B21F0A35802FDFBB74 /* Pods-TeeVidSample.release.xcconfig */ = {isa = PBXFileReference; includeInIndex = 1; lastKnownFileType = text.xcconfig; name = "Pods-TeeVidSample.release.xcconfig"; path = "Target Support Files/Pods-TeeVidSample/Pods-TeeVidSample.release.xcconfig"; sourceTree = "<group>"; };
		9E8776C09444AE92DEEDEBAF /* Pods_TeeVidSample.framework */ = {isa = PBXFileReference; explicitFileType = wrapper.framework; includeInIndex = 0; path = Pods_TeeVidSample.framework; sourceTree = BUILT_PRODUCTS_DIR; };
		AC8D55B7266E4E5800FEDBAC /* MuteRecomendViewController.h */ = {isa = PBXFileReference; fileEncoding = 4; lastKnownFileType = sourcecode.c.h; path = MuteRecomendViewController.h; sourceTree = "<group>"; };
		AC8D55B8266E4E5800FEDBAC /* SmartJoinEmbedViewController.h */ = {isa = PBXFileReference; fileEncoding = 4; lastKnownFileType = sourcecode.c.h; path = SmartJoinEmbedViewController.h; sourceTree = "<group>"; };
		AC8D55B9266E4E5800FEDBAC /* AccessPinViewController.h */ = {isa = PBXFileReference; fileEncoding = 4; lastKnownFileType = sourcecode.c.h; path = AccessPinViewController.h; sourceTree = "<group>"; };
		AC8D55BA266E4E5800FEDBAC /* WaitingRoomViewController.m */ = {isa = PBXFileReference; fileEncoding = 4; lastKnownFileType = sourcecode.c.objc; path = WaitingRoomViewController.m; sourceTree = "<group>"; };
		AC8D55BB266E4E5800FEDBAC /* MuteRecomendViewController.m */ = {isa = PBXFileReference; fileEncoding = 4; lastKnownFileType = sourcecode.c.objc; path = MuteRecomendViewController.m; sourceTree = "<group>"; };
		AC8D55BC266E4E5800FEDBAC /* SmartJoinEmbedViewController.m */ = {isa = PBXFileReference; fileEncoding = 4; lastKnownFileType = sourcecode.c.objc; path = SmartJoinEmbedViewController.m; sourceTree = "<group>"; };
		AC8D55BD266E4E5800FEDBAC /* WaitingRoomViewController.h */ = {isa = PBXFileReference; fileEncoding = 4; lastKnownFileType = sourcecode.c.h; path = WaitingRoomViewController.h; sourceTree = "<group>"; };
		AC8D55BE266E4E5800FEDBAC /* AccessPinViewController.m */ = {isa = PBXFileReference; fileEncoding = 4; lastKnownFileType = sourcecode.c.objc; path = AccessPinViewController.m; sourceTree = "<group>"; };
		AC8D55C4266E4E6100FEDBAC /* JoinButton.h */ = {isa = PBXFileReference; fileEncoding = 4; lastKnownFileType = sourcecode.c.h; path = JoinButton.h; sourceTree = "<group>"; };
		AC8D55C5266E4E6100FEDBAC /* JoinButton.m */ = {isa = PBXFileReference; fileEncoding = 4; lastKnownFileType = sourcecode.c.objc; path = JoinButton.m; sourceTree = "<group>"; };
		AC8D55C7266E4E6800FEDBAC /* SmartJoinViewController.h */ = {isa = PBXFileReference; fileEncoding = 4; lastKnownFileType = sourcecode.c.h; path = SmartJoinViewController.h; sourceTree = "<group>"; };
		AC8D55C8266E4E6800FEDBAC /* SmartJoinViewController.m */ = {isa = PBXFileReference; fileEncoding = 4; lastKnownFileType = sourcecode.c.objc; path = SmartJoinViewController.m; sourceTree = "<group>"; };
		ACA576A12670F5D400A0D41D /* DotsAnimationView.xib */ = {isa = PBXFileReference; fileEncoding = 4; lastKnownFileType = file.xib; path = DotsAnimationView.xib; sourceTree = "<group>"; };
		ACAAFBD2266FA02800BC85D9 /* Utils.h */ = {isa = PBXFileReference; fileEncoding = 4; lastKnownFileType = sourcecode.c.h; path = Utils.h; sourceTree = "<group>"; };
		ACAAFBD3266FA02800BC85D9 /* Utils.m */ = {isa = PBXFileReference; fileEncoding = 4; lastKnownFileType = sourcecode.c.objc; path = Utils.m; sourceTree = "<group>"; };
		ACAAFBD5266FA3BB00BC85D9 /* DotsAnimationView.h */ = {isa = PBXFileReference; fileEncoding = 4; lastKnownFileType = sourcecode.c.h; path = DotsAnimationView.h; sourceTree = "<group>"; };
		ACAAFBD6266FA3BC00BC85D9 /* DotsAnimationView.m */ = {isa = PBXFileReference; fileEncoding = 4; lastKnownFileType = sourcecode.c.objc; path = DotsAnimationView.m; sourceTree = "<group>"; };
		ACAAFBD8266FA3D500BC85D9 /* CircleDot.m */ = {isa = PBXFileReference; fileEncoding = 4; lastKnownFileType = sourcecode.c.objc; path = CircleDot.m; sourceTree = "<group>"; };
		ACAAFBD9266FA3D600BC85D9 /* CircleDot.h */ = {isa = PBXFileReference; fileEncoding = 4; lastKnownFileType = sourcecode.c.h; path = CircleDot.h; sourceTree = "<group>"; };
		F583C3781F812AB200D043DF /* ConferenceViewController.h */ = {isa = PBXFileReference; fileEncoding = 4; lastKnownFileType = sourcecode.c.h; path = ConferenceViewController.h; sourceTree = "<group>"; };
		F583C3791F812AB200D043DF /* ConferenceViewController.m */ = {isa = PBXFileReference; fileEncoding = 4; lastKnownFileType = sourcecode.c.objc; path = ConferenceViewController.m; sourceTree = "<group>"; };
		F583C3811F813A3400D043DF /* TeeVidClient.framework */ = {isa = PBXFileReference; lastKnownFileType = wrapper.framework; name = TeeVidClient.framework; path = Lib/TeeVidClient.framework; sourceTree = "<group>"; };
		F583C3821F813A3400D043DF /* WebRTC.framework */ = {isa = PBXFileReference; lastKnownFileType = wrapper.framework; name = WebRTC.framework; path = Lib/WebRTC.framework; sourceTree = "<group>"; };
		F5A6A8231F5DA7EF005E109F /* TeeVidSample.app */ = {isa = PBXFileReference; explicitFileType = wrapper.application; includeInIndex = 0; path = TeeVidSample.app; sourceTree = BUILT_PRODUCTS_DIR; };
		F5A6A8271F5DA7EF005E109F /* main.m */ = {isa = PBXFileReference; lastKnownFileType = sourcecode.c.objc; path = main.m; sourceTree = "<group>"; };
		F5A6A8291F5DA7EF005E109F /* AppDelegate.h */ = {isa = PBXFileReference; lastKnownFileType = sourcecode.c.h; path = AppDelegate.h; sourceTree = "<group>"; };
		F5A6A82A1F5DA7EF005E109F /* AppDelegate.m */ = {isa = PBXFileReference; lastKnownFileType = sourcecode.c.objc; path = AppDelegate.m; sourceTree = "<group>"; };
		F5A6A82C1F5DA7EF005E109F /* EntryViewController.h */ = {isa = PBXFileReference; lastKnownFileType = sourcecode.c.h; path = EntryViewController.h; sourceTree = "<group>"; };
		F5A6A82D1F5DA7EF005E109F /* EntryViewController.m */ = {isa = PBXFileReference; lastKnownFileType = sourcecode.c.objc; path = EntryViewController.m; sourceTree = "<group>"; };
		F5A6A8301F5DA7EF005E109F /* Base */ = {isa = PBXFileReference; lastKnownFileType = file.storyboard; name = Base; path = Base.lproj/Main.storyboard; sourceTree = "<group>"; };
		F5A6A8321F5DA7EF005E109F /* Assets.xcassets */ = {isa = PBXFileReference; lastKnownFileType = folder.assetcatalog; path = Assets.xcassets; sourceTree = "<group>"; };
		F5A6A8351F5DA7EF005E109F /* Base */ = {isa = PBXFileReference; lastKnownFileType = file.storyboard; name = Base; path = Base.lproj/LaunchScreen.storyboard; sourceTree = "<group>"; };
		F5A6A8371F5DA7EF005E109F /* Info.plist */ = {isa = PBXFileReference; lastKnownFileType = text.plist.xml; path = Info.plist; sourceTree = "<group>"; };
/* End PBXFileReference section */

/* Begin PBXFrameworksBuildPhase section */
		F5A6A8201F5DA7EF005E109F /* Frameworks */ = {
			isa = PBXFrameworksBuildPhase;
			buildActionMask = 2147483647;
			files = (
				F583C3851F813A3400D043DF /* TeeVidClient.framework in Frameworks */,
				F583C3861F813A3400D043DF /* WebRTC.framework in Frameworks */,
				C7E6FDB960DD0FFEC4E59E96 /* Pods_TeeVidSample.framework in Frameworks */,
			);
			runOnlyForDeploymentPostprocessing = 0;
		};
/* End PBXFrameworksBuildPhase section */

/* Begin PBXGroup section */
		AC8D55B5266E4E2900FEDBAC /* SmartJoin */ = {
			isa = PBXGroup;
			children = (
				AC8D55C7266E4E6800FEDBAC /* SmartJoinViewController.h */,
				AC8D55C8266E4E6800FEDBAC /* SmartJoinViewController.m */,
				AC8D55C3266E4E6100FEDBAC /* Views */,
				AC8D55B6266E4E5800FEDBAC /* SmartJoinPopups */,
			);
			path = SmartJoin;
			sourceTree = "<group>";
		};
		AC8D55B6266E4E5800FEDBAC /* SmartJoinPopups */ = {
			isa = PBXGroup;
			children = (
				AC8D55B7266E4E5800FEDBAC /* MuteRecomendViewController.h */,
				AC8D55B8266E4E5800FEDBAC /* SmartJoinEmbedViewController.h */,
				AC8D55B9266E4E5800FEDBAC /* AccessPinViewController.h */,
				AC8D55BA266E4E5800FEDBAC /* WaitingRoomViewController.m */,
				AC8D55BB266E4E5800FEDBAC /* MuteRecomendViewController.m */,
				AC8D55BC266E4E5800FEDBAC /* SmartJoinEmbedViewController.m */,
				AC8D55BD266E4E5800FEDBAC /* WaitingRoomViewController.h */,
				AC8D55BE266E4E5800FEDBAC /* AccessPinViewController.m */,
			);
			path = SmartJoinPopups;
			sourceTree = "<group>";
		};
		AC8D55C3266E4E6100FEDBAC /* Views */ = {
			isa = PBXGroup;
			children = (
				AC8D55C4266E4E6100FEDBAC /* JoinButton.h */,
				AC8D55C5266E4E6100FEDBAC /* JoinButton.m */,
				ACAAFBD5266FA3BB00BC85D9 /* DotsAnimationView.h */,
				ACAAFBD6266FA3BC00BC85D9 /* DotsAnimationView.m */,
				ACA576A12670F5D400A0D41D /* DotsAnimationView.xib */,
				ACAAFBD9266FA3D600BC85D9 /* CircleDot.h */,
				ACAAFBD8266FA3D500BC85D9 /* CircleDot.m */,
			);
			path = Views;
			sourceTree = "<group>";
		};
		F0CFAF15025C548B1ED202B4 /* Pods */ = {
			isa = PBXGroup;
			children = (
				843CE7A9BE7DE74AE9CDFD13 /* Pods-TeeVidSample.debug.xcconfig */,
				8ADE23B21F0A35802FDFBB74 /* Pods-TeeVidSample.release.xcconfig */,
			);
			path = Pods;
			sourceTree = "<group>";
		};
		F583C37C1F8139F300D043DF /* Frameworks */ = {
			isa = PBXGroup;
			children = (
				F583C3811F813A3400D043DF /* TeeVidClient.framework */,
				F583C3821F813A3400D043DF /* WebRTC.framework */,
				9E8776C09444AE92DEEDEBAF /* Pods_TeeVidSample.framework */,
			);
			name = Frameworks;
			sourceTree = "<group>";
		};
		F5A6A81A1F5DA7EF005E109F = {
			isa = PBXGroup;
			children = (
				F5A6A8251F5DA7EF005E109F /* TeeVidSample */,
				F5A6A8241F5DA7EF005E109F /* Products */,
				F583C37C1F8139F300D043DF /* Frameworks */,
				F0CFAF15025C548B1ED202B4 /* Pods */,
			);
			sourceTree = "<group>";
		};
		F5A6A8241F5DA7EF005E109F /* Products */ = {
			isa = PBXGroup;
			children = (
				F5A6A8231F5DA7EF005E109F /* TeeVidSample.app */,
			);
			name = Products;
			sourceTree = "<group>";
		};
		F5A6A8251F5DA7EF005E109F /* TeeVidSample */ = {
			isa = PBXGroup;
			children = (
				F5A6A8291F5DA7EF005E109F /* AppDelegate.h */,
				F5A6A82A1F5DA7EF005E109F /* AppDelegate.m */,
				F5A6A82C1F5DA7EF005E109F /* EntryViewController.h */,
				F5A6A82D1F5DA7EF005E109F /* EntryViewController.m */,
				F583C3781F812AB200D043DF /* ConferenceViewController.h */,
				F583C3791F812AB200D043DF /* ConferenceViewController.m */,
				ACAAFBD2266FA02800BC85D9 /* Utils.h */,
				ACAAFBD3266FA02800BC85D9 /* Utils.m */,
				AC8D55B5266E4E2900FEDBAC /* SmartJoin */,
				F5A6A82F1F5DA7EF005E109F /* Main.storyboard */,
				F5A6A8321F5DA7EF005E109F /* Assets.xcassets */,
				F5A6A8341F5DA7EF005E109F /* LaunchScreen.storyboard */,
				F5A6A8371F5DA7EF005E109F /* Info.plist */,
				F5A6A8261F5DA7EF005E109F /* Supporting Files */,
			);
			path = TeeVidSample;
			sourceTree = "<group>";
		};
		F5A6A8261F5DA7EF005E109F /* Supporting Files */ = {
			isa = PBXGroup;
			children = (
				F5A6A8271F5DA7EF005E109F /* main.m */,
			);
			name = "Supporting Files";
			sourceTree = "<group>";
		};
/* End PBXGroup section */

/* Begin PBXNativeTarget section */
		F5A6A8221F5DA7EF005E109F /* TeeVidSample */ = {
			isa = PBXNativeTarget;
			buildConfigurationList = F5A6A83A1F5DA7EF005E109F /* Build configuration list for PBXNativeTarget "TeeVidSample" */;
			buildPhases = (
				F12521D0D30BA9F6B4A300FB /* [CP] Check Pods Manifest.lock */,
				F5A6A81F1F5DA7EF005E109F /* Sources */,
				F5A6A8201F5DA7EF005E109F /* Frameworks */,
				F5A6A8211F5DA7EF005E109F /* Resources */,
				F583C38F1F813A5700D043DF /* Embed Frameworks */,
				819D40C809D70E92086A8127 /* [CP] Embed Pods Frameworks */,
			);
			buildRules = (
			);
			dependencies = (
			);
			name = TeeVidSample;
			productName = TeeVidSample;
			productReference = F5A6A8231F5DA7EF005E109F /* TeeVidSample.app */;
			productType = "com.apple.product-type.application";
		};
/* End PBXNativeTarget section */

/* Begin PBXProject section */
		F5A6A81B1F5DA7EF005E109F /* Project object */ = {
			isa = PBXProject;
			attributes = {
				LastUpgradeCheck = 0930;
				TargetAttributes = {
					F5A6A8221F5DA7EF005E109F = {
						CreatedOnToolsVersion = 8.3.2;
						DevelopmentTeam = W8WB83L7CH;
						ProvisioningStyle = Automatic;
					};
				};
			};
			buildConfigurationList = F5A6A81E1F5DA7EF005E109F /* Build configuration list for PBXProject "TeeVidSample" */;
			compatibilityVersion = "Xcode 3.2";
			developmentRegion = English;
			hasScannedForEncodings = 0;
			knownRegions = (
				English,
				en,
				Base,
			);
			mainGroup = F5A6A81A1F5DA7EF005E109F;
			productRefGroup = F5A6A8241F5DA7EF005E109F /* Products */;
			projectDirPath = "";
			projectRoot = "";
			targets = (
				F5A6A8221F5DA7EF005E109F /* TeeVidSample */,
			);
		};
/* End PBXProject section */

/* Begin PBXResourcesBuildPhase section */
		F5A6A8211F5DA7EF005E109F /* Resources */ = {
			isa = PBXResourcesBuildPhase;
			buildActionMask = 2147483647;
			files = (
				F5A6A8361F5DA7EF005E109F /* LaunchScreen.storyboard in Resources */,
				F5A6A8331F5DA7EF005E109F /* Assets.xcassets in Resources */,
				F5A6A8311F5DA7EF005E109F /* Main.storyboard in Resources */,
				ACA576A22670F5D400A0D41D /* DotsAnimationView.xib in Resources */,
			);
			runOnlyForDeploymentPostprocessing = 0;
		};
/* End PBXResourcesBuildPhase section */

/* Begin PBXShellScriptBuildPhase section */
		819D40C809D70E92086A8127 /* [CP] Embed Pods Frameworks */ = {
			isa = PBXShellScriptBuildPhase;
			buildActionMask = 2147483647;
			files = (
			);
			inputPaths = (
				"${PODS_ROOT}/Target Support Files/Pods-TeeVidSample/Pods-TeeVidSample-frameworks.sh",
				"${BUILT_PRODUCTS_DIR}/OCHamcrest/OCHamcrest.framework",
				"${BUILT_PRODUCTS_DIR}/OCMockito/OCMockito.framework",
				"${BUILT_PRODUCTS_DIR}/Socket.IO-Client-Swift/SocketIO.framework",
				"${BUILT_PRODUCTS_DIR}/Starscream/Starscream.framework",
			);
			name = "[CP] Embed Pods Frameworks";
			outputPaths = (
				"${TARGET_BUILD_DIR}/${FRAMEWORKS_FOLDER_PATH}/OCHamcrest.framework",
				"${TARGET_BUILD_DIR}/${FRAMEWORKS_FOLDER_PATH}/OCMockito.framework",
				"${TARGET_BUILD_DIR}/${FRAMEWORKS_FOLDER_PATH}/SocketIO.framework",
				"${TARGET_BUILD_DIR}/${FRAMEWORKS_FOLDER_PATH}/Starscream.framework",
			);
			runOnlyForDeploymentPostprocessing = 0;
			shellPath = /bin/sh;
			shellScript = "\"${PODS_ROOT}/Target Support Files/Pods-TeeVidSample/Pods-TeeVidSample-frameworks.sh\"\n";
			showEnvVarsInLog = 0;
		};
		F12521D0D30BA9F6B4A300FB /* [CP] Check Pods Manifest.lock */ = {
			isa = PBXShellScriptBuildPhase;
			buildActionMask = 2147483647;
			files = (
			);
			inputFileListPaths = (
			);
			inputPaths = (
				"${PODS_PODFILE_DIR_PATH}/Podfile.lock",
				"${PODS_ROOT}/Manifest.lock",
			);
			name = "[CP] Check Pods Manifest.lock";
			outputFileListPaths = (
			);
			outputPaths = (
				"$(DERIVED_FILE_DIR)/Pods-TeeVidSample-checkManifestLockResult.txt",
			);
			runOnlyForDeploymentPostprocessing = 0;
			shellPath = /bin/sh;
			shellScript = "diff \"${PODS_PODFILE_DIR_PATH}/Podfile.lock\" \"${PODS_ROOT}/Manifest.lock\" > /dev/null\nif [ $? != 0 ] ; then\n    # print error to STDERR\n    echo \"error: The sandbox is not in sync with the Podfile.lock. Run 'pod install' or update your CocoaPods installation.\" >&2\n    exit 1\nfi\n# This output is used by Xcode 'outputs' to avoid re-running this script phase.\necho \"SUCCESS\" > \"${SCRIPT_OUTPUT_FILE_0}\"\n";
			showEnvVarsInLog = 0;
		};
/* End PBXShellScriptBuildPhase section */

/* Begin PBXSourcesBuildPhase section */
		F5A6A81F1F5DA7EF005E109F /* Sources */ = {
			isa = PBXSourcesBuildPhase;
			buildActionMask = 2147483647;
			files = (
				F583C37A1F812AB200D043DF /* ConferenceViewController.m in Sources */,
				ACAAFBD4266FA02800BC85D9 /* Utils.m in Sources */,
				F5A6A82E1F5DA7EF005E109F /* EntryViewController.m in Sources */,
				AC8D55C6266E4E6100FEDBAC /* JoinButton.m in Sources */,
				F5A6A82B1F5DA7EF005E109F /* AppDelegate.m in Sources */,
				AC8D55C9266E4E6800FEDBAC /* SmartJoinViewController.m in Sources */,
				F5A6A8281F5DA7EF005E109F /* main.m in Sources */,
				ACAAFBD7266FA3BC00BC85D9 /* DotsAnimationView.m in Sources */,
				AC8D55C2266E4E5800FEDBAC /* AccessPinViewController.m in Sources */,
				AC8D55C1266E4E5800FEDBAC /* SmartJoinEmbedViewController.m in Sources */,
				ACAAFBDA266FA3D600BC85D9 /* CircleDot.m in Sources */,
				AC8D55C0266E4E5800FEDBAC /* MuteRecomendViewController.m in Sources */,
				AC8D55BF266E4E5800FEDBAC /* WaitingRoomViewController.m in Sources */,
			);
			runOnlyForDeploymentPostprocessing = 0;
		};
/* End PBXSourcesBuildPhase section */

/* Begin PBXVariantGroup section */
		F5A6A82F1F5DA7EF005E109F /* Main.storyboard */ = {
			isa = PBXVariantGroup;
			children = (
				F5A6A8301F5DA7EF005E109F /* Base */,
			);
			name = Main.storyboard;
			sourceTree = "<group>";
		};
		F5A6A8341F5DA7EF005E109F /* LaunchScreen.storyboard */ = {
			isa = PBXVariantGroup;
			children = (
				F5A6A8351F5DA7EF005E109F /* Base */,
			);
			name = LaunchScreen.storyboard;
			sourceTree = "<group>";
		};
/* End PBXVariantGroup section */

/* Begin XCBuildConfiguration section */
		F5A6A8381F5DA7EF005E109F /* Debug */ = {
			isa = XCBuildConfiguration;
			buildSettings = {
				ALWAYS_EMBED_SWIFT_STANDARD_LIBRARIES = YES;
				ALWAYS_SEARCH_USER_PATHS = NO;
				CLANG_ANALYZER_NONNULL = YES;
				CLANG_ANALYZER_NUMBER_OBJECT_CONVERSION = YES_AGGRESSIVE;
				CLANG_CXX_LANGUAGE_STANDARD = "gnu++0x";
				CLANG_CXX_LIBRARY = "libc++";
				CLANG_ENABLE_MODULES = YES;
				CLANG_ENABLE_OBJC_ARC = YES;
				CLANG_WARN_BLOCK_CAPTURE_AUTORELEASING = YES;
				CLANG_WARN_BOOL_CONVERSION = YES;
				CLANG_WARN_COMMA = YES;
				CLANG_WARN_CONSTANT_CONVERSION = YES;
				CLANG_WARN_DEPRECATED_OBJC_IMPLEMENTATIONS = YES;
				CLANG_WARN_DIRECT_OBJC_ISA_USAGE = YES_ERROR;
				CLANG_WARN_DOCUMENTATION_COMMENTS = YES;
				CLANG_WARN_EMPTY_BODY = YES;
				CLANG_WARN_ENUM_CONVERSION = YES;
				CLANG_WARN_INFINITE_RECURSION = YES;
				CLANG_WARN_INT_CONVERSION = YES;
				CLANG_WARN_NON_LITERAL_NULL_CONVERSION = YES;
				CLANG_WARN_OBJC_IMPLICIT_RETAIN_SELF = YES;
				CLANG_WARN_OBJC_LITERAL_CONVERSION = YES;
				CLANG_WARN_OBJC_ROOT_CLASS = YES_ERROR;
				CLANG_WARN_RANGE_LOOP_ANALYSIS = YES;
				CLANG_WARN_STRICT_PROTOTYPES = YES;
				CLANG_WARN_SUSPICIOUS_MOVE = YES;
				CLANG_WARN_UNREACHABLE_CODE = YES;
				CLANG_WARN__DUPLICATE_METHOD_MATCH = YES;
				"CODE_SIGN_IDENTITY[sdk=iphoneos*]" = "";
				COPY_PHASE_STRIP = NO;
				DEBUG_INFORMATION_FORMAT = dwarf;
				ENABLE_BITCODE = NO;
				ENABLE_STRICT_OBJC_MSGSEND = YES;
				ENABLE_TESTABILITY = YES;
				GCC_C_LANGUAGE_STANDARD = gnu99;
				GCC_DYNAMIC_NO_PIC = NO;
				GCC_NO_COMMON_BLOCKS = YES;
				GCC_OPTIMIZATION_LEVEL = 0;
				GCC_PREPROCESSOR_DEFINITIONS = (
					"DEBUG=1",
					"$(inherited)",
				);
				GCC_WARN_64_TO_32_BIT_CONVERSION = YES;
				GCC_WARN_ABOUT_RETURN_TYPE = YES_ERROR;
				GCC_WARN_UNDECLARED_SELECTOR = YES;
				GCC_WARN_UNINITIALIZED_AUTOS = YES_AGGRESSIVE;
				GCC_WARN_UNUSED_FUNCTION = YES;
				GCC_WARN_UNUSED_VARIABLE = YES;
				IPHONEOS_DEPLOYMENT_TARGET = 9.0;
				MTL_ENABLE_DEBUG_INFO = YES;
				ONLY_ACTIVE_ARCH = YES;
				SDKROOT = iphoneos;
				TARGETED_DEVICE_FAMILY = "1,2";
			};
			name = Debug;
		};
		F5A6A8391F5DA7EF005E109F /* Release */ = {
			isa = XCBuildConfiguration;
			buildSettings = {
				ALWAYS_EMBED_SWIFT_STANDARD_LIBRARIES = YES;
				ALWAYS_SEARCH_USER_PATHS = NO;
				CLANG_ANALYZER_NONNULL = YES;
				CLANG_ANALYZER_NUMBER_OBJECT_CONVERSION = YES_AGGRESSIVE;
				CLANG_CXX_LANGUAGE_STANDARD = "gnu++0x";
				CLANG_CXX_LIBRARY = "libc++";
				CLANG_ENABLE_MODULES = YES;
				CLANG_ENABLE_OBJC_ARC = YES;
				CLANG_WARN_BLOCK_CAPTURE_AUTORELEASING = YES;
				CLANG_WARN_BOOL_CONVERSION = YES;
				CLANG_WARN_COMMA = YES;
				CLANG_WARN_CONSTANT_CONVERSION = YES;
				CLANG_WARN_DEPRECATED_OBJC_IMPLEMENTATIONS = YES;
				CLANG_WARN_DIRECT_OBJC_ISA_USAGE = YES_ERROR;
				CLANG_WARN_DOCUMENTATION_COMMENTS = YES;
				CLANG_WARN_EMPTY_BODY = YES;
				CLANG_WARN_ENUM_CONVERSION = YES;
				CLANG_WARN_INFINITE_RECURSION = YES;
				CLANG_WARN_INT_CONVERSION = YES;
				CLANG_WARN_NON_LITERAL_NULL_CONVERSION = YES;
				CLANG_WARN_OBJC_IMPLICIT_RETAIN_SELF = YES;
				CLANG_WARN_OBJC_LITERAL_CONVERSION = YES;
				CLANG_WARN_OBJC_ROOT_CLASS = YES_ERROR;
				CLANG_WARN_RANGE_LOOP_ANALYSIS = YES;
				CLANG_WARN_STRICT_PROTOTYPES = YES;
				CLANG_WARN_SUSPICIOUS_MOVE = YES;
				CLANG_WARN_UNREACHABLE_CODE = YES;
				CLANG_WARN__DUPLICATE_METHOD_MATCH = YES;
				"CODE_SIGN_IDENTITY[sdk=iphoneos*]" = "";
				COPY_PHASE_STRIP = NO;
				DEBUG_INFORMATION_FORMAT = "dwarf-with-dsym";
				ENABLE_BITCODE = NO;
				ENABLE_NS_ASSERTIONS = NO;
				ENABLE_STRICT_OBJC_MSGSEND = YES;
				GCC_C_LANGUAGE_STANDARD = gnu99;
				GCC_NO_COMMON_BLOCKS = YES;
				GCC_WARN_64_TO_32_BIT_CONVERSION = YES;
				GCC_WARN_ABOUT_RETURN_TYPE = YES_ERROR;
				GCC_WARN_UNDECLARED_SELECTOR = YES;
				GCC_WARN_UNINITIALIZED_AUTOS = YES_AGGRESSIVE;
				GCC_WARN_UNUSED_FUNCTION = YES;
				GCC_WARN_UNUSED_VARIABLE = YES;
				IPHONEOS_DEPLOYMENT_TARGET = 9.0;
				MTL_ENABLE_DEBUG_INFO = NO;
				SDKROOT = iphoneos;
				TARGETED_DEVICE_FAMILY = "1,2";
				VALIDATE_PRODUCT = YES;
			};
			name = Release;
		};
		F5A6A83B1F5DA7EF005E109F /* Debug */ = {
			isa = XCBuildConfiguration;
			baseConfigurationReference = 843CE7A9BE7DE74AE9CDFD13 /* Pods-TeeVidSample.debug.xcconfig */;
			buildSettings = {
				ASSETCATALOG_COMPILER_APPICON_NAME = AppIcon;
				"CODE_SIGN_IDENTITY[sdk=iphoneos*]" = "iPhone Developer";
				CURRENT_PROJECT_VERSION = 2475;
				DEVELOPMENT_TEAM = W8WB83L7CH;
				FRAMEWORK_SEARCH_PATHS = (
					"$(inherited)",
					"$(PROJECT_DIR)/Lib",
				);
				INFOPLIST_FILE = TeeVidSample/Info.plist;
				LD_RUNPATH_SEARCH_PATHS = "$(inherited) @executable_path/Frameworks";
				MARKETING_VERSION = 5.2;
				PRODUCT_BUNDLE_IDENTIFIER = com.teevid.TeeVidSample;
				PRODUCT_NAME = "$(TARGET_NAME)";
				PROVISIONING_PROFILE_SPECIFIER = "";
			};
			name = Debug;
		};
		F5A6A83C1F5DA7EF005E109F /* Release */ = {
			isa = XCBuildConfiguration;
			baseConfigurationReference = 8ADE23B21F0A35802FDFBB74 /* Pods-TeeVidSample.release.xcconfig */;
			buildSettings = {
				ASSETCATALOG_COMPILER_APPICON_NAME = AppIcon;
				"CODE_SIGN_IDENTITY[sdk=iphoneos*]" = "iPhone Developer";
				CURRENT_PROJECT_VERSION = 2475;
				DEVELOPMENT_TEAM = W8WB83L7CH;
				FRAMEWORK_SEARCH_PATHS = (
					"$(inherited)",
					"$(PROJECT_DIR)/Lib",
				);
				INFOPLIST_FILE = TeeVidSample/Info.plist;
				LD_RUNPATH_SEARCH_PATHS = "$(inherited) @executable_path/Frameworks";
				MARKETING_VERSION = 5.2;
				PRODUCT_BUNDLE_IDENTIFIER = com.teevid.TeeVidSample;
				PRODUCT_NAME = "$(TARGET_NAME)";
				PROVISIONING_PROFILE_SPECIFIER = "";
			};
			name = Release;
		};
/* End XCBuildConfiguration section */

/* Begin XCConfigurationList section */
		F5A6A81E1F5DA7EF005E109F /* Build configuration list for PBXProject "TeeVidSample" */ = {
			isa = XCConfigurationList;
			buildConfigurations = (
				F5A6A8381F5DA7EF005E109F /* Debug */,
				F5A6A8391F5DA7EF005E109F /* Release */,
			);
			defaultConfigurationIsVisible = 0;
			defaultConfigurationName = Release;
		};
		F5A6A83A1F5DA7EF005E109F /* Build configuration list for PBXNativeTarget "TeeVidSample" */ = {
			isa = XCConfigurationList;
			buildConfigurations = (
				F5A6A83B1F5DA7EF005E109F /* Debug */,
				F5A6A83C1F5DA7EF005E109F /* Release */,
			);
			defaultConfigurationIsVisible = 0;
			defaultConfigurationName = Release;
		};
/* End XCConfigurationList section */
	};
	rootObject = F5A6A81B1F5DA7EF005E109F /* Project object */;
}
