// !$*UTF8*$!
{
	archiveVersion = 1;
	classes = {
	};
	objectVersion = 46;
	objects = {

/* Begin PBXBuildFile section */
		0A3563292188BD0600A8D011 /* SocketIO.framework in Frameworks */ = {isa = PBXBuildFile; fileRef = 0A3563272188BD0500A8D011 /* SocketIO.framework */; };
		0A35632C2188BD0F00A8D011 /* SocketIO.framework in Embed Frameworks */ = {isa = PBXBuildFile; fileRef = 0A3563272188BD0500A8D011 /* SocketIO.framework */; settings = {ATTRIBUTES = (CodeSignOnCopy, RemoveHeadersOnCopy, ); }; };
		0A35632D2188BD0F00A8D011 /* Starscream.framework in Frameworks */ = {isa = PBXBuildFile; fileRef = 0A3563282188BD0600A8D011 /* Starscream.framework */; };
		0A35632E2188BD0F00A8D011 /* Starscream.framework in Embed Frameworks */ = {isa = PBXBuildFile; fileRef = 0A3563282188BD0600A8D011 /* Starscream.framework */; settings = {ATTRIBUTES = (CodeSignOnCopy, RemoveHeadersOnCopy, ); }; };
		F583C37A1F812AB200D043DF /* ConferenceViewController.m in Sources */ = {isa = PBXBuildFile; fileRef = F583C3791F812AB200D043DF /* ConferenceViewController.m */; };
		F583C3851F813A3400D043DF /* TeeVidClient.framework in Frameworks */ = {isa = PBXBuildFile; fileRef = F583C3811F813A3400D043DF /* TeeVidClient.framework */; };
		F583C3861F813A3400D043DF /* WebRTC.framework in Frameworks */ = {isa = PBXBuildFile; fileRef = F583C3821F813A3400D043DF /* WebRTC.framework */; };
		F583C38C1F813A5700D043DF /* TeeVidClient.framework in Embed Frameworks */ = {isa = PBXBuildFile; fileRef = F583C3811F813A3400D043DF /* TeeVidClient.framework */; settings = {ATTRIBUTES = (CodeSignOnCopy, RemoveHeadersOnCopy, ); }; };
		F583C38E1F813A5700D043DF /* WebRTC.framework in Embed Frameworks */ = {isa = PBXBuildFile; fileRef = F583C3821F813A3400D043DF /* WebRTC.framework */; settings = {ATTRIBUTES = (CodeSignOnCopy, RemoveHeadersOnCopy, ); }; };
		F5A6A8281F5DA7EF005E109F /* main.m in Sources */ = {isa = PBXBuildFile; fileRef = F5A6A8271F5DA7EF005E109F /* main.m */; };
		F5A6A82B1F5DA7EF005E109F /* AppDelegate.m in Sources */ = {isa = PBXBuildFile; fileRef = F5A6A82A1F5DA7EF005E109F /* AppDelegate.m */; };
		F5A6A82E1F5DA7EF005E109F /* EntryViewController.m in Sources */ = {isa = PBXBuildFile; fileRef = F5A6A82D1F5DA7EF005E109F /* EntryViewController.m */; };
		F5A6A8311F5DA7EF005E109F /* Main.storyboard in Resources */ = {isa = PBXBuildFile; fileRef = F5A6A82F1F5DA7EF005E109F /* Main.storyboard */; };
		F5A6A8331F5DA7EF005E109F /* Assets.xcassets in Resources */ = {isa = PBXBuildFile; fileRef = F5A6A8321F5DA7EF005E109F /* Assets.xcassets */; };
		F5A6A8361F5DA7EF005E109F /* LaunchScreen.storyboard in Resources */ = {isa = PBXBuildFile; fileRef = F5A6A8341F5DA7EF005E109F /* LaunchScreen.storyboard */; };
/* End PBXBuildFile section */

/* Begin PBXCopyFilesBuildPhase section */
		F583C38F1F813A5700D043DF /* Embed Frameworks */ = {
			isa = PBXCopyFilesBuildPhase;
			buildActionMask = 2147483647;
			dstPath = "";
			dstSubfolderSpec = 10;
			files = (
				0A35632C2188BD0F00A8D011 /* SocketIO.framework in Embed Frameworks */,
				0A35632E2188BD0F00A8D011 /* Starscream.framework in Embed Frameworks */,
				F583C38C1F813A5700D043DF /* TeeVidClient.framework in Embed Frameworks */,
				F583C38E1F813A5700D043DF /* WebRTC.framework in Embed Frameworks */,
			);
			name = "Embed Frameworks";
			runOnlyForDeploymentPostprocessing = 0;
		};
/* End PBXCopyFilesBuildPhase section */

/* Begin PBXFileReference section */
		0A3563272188BD0500A8D011 /* SocketIO.framework */ = {isa = PBXFileReference; lastKnownFileType = wrapper.framework; name = SocketIO.framework; path = Lib/SocketIO.framework; sourceTree = "<group>"; };
		0A3563282188BD0600A8D011 /* Starscream.framework */ = {isa = PBXFileReference; lastKnownFileType = wrapper.framework; name = Starscream.framework; path = Lib/Starscream.framework; sourceTree = "<group>"; };
		F583C3781F812AB200D043DF /* ConferenceViewController.h */ = {isa = PBXFileReference; fileEncoding = 4; lastKnownFileType = sourcecode.c.h; path = ConferenceViewController.h; sourceTree = "<group>"; };
		F583C3791F812AB200D043DF /* ConferenceViewController.m */ = {isa = PBXFileReference; fileEncoding = 4; lastKnownFileType = sourcecode.c.objc; path = ConferenceViewController.m; sourceTree = "<group>"; };
		F583C3811F813A3400D043DF /* TeeVidClient.framework */ = {isa = PBXFileReference; lastKnownFileType = wrapper.framework; name = TeeVidClient.framework; path = Lib/TeeVidClient.framework; sourceTree = "<group>"; };
		F583C3821F813A3400D043DF /* WebRTC.framework */ = {isa = PBXFileReference; lastKnownFileType = wrapper.framework; name = WebRTC.framework; path = Lib/WebRTC.framework; sourceTree = "<group>"; };
		F5A6A8231F5DA7EF005E109F /* TeeVidSample.app */ = {isa = PBXFileReference; explicitFileType = wrapper.application; includeInIndex = 0; path = TeeVidSample.app; sourceTree = BUILT_PRODUCTS_DIR; };
		F5A6A8271F5DA7EF005E109F /* main.m */ = {isa = PBXFileReference; lastKnownFileType = sourcecode.c.objc; path = main.m; sourceTree = "<group>"; };
		F5A6A8291F5DA7EF005E109F /* AppDelegate.h */ = {isa = PBXFileReference; lastKnownFileType = sourcecode.c.h; path = AppDelegate.h; sourceTree = "<group>"; };
		F5A6A82A1F5DA7EF005E109F /* AppDelegate.m */ = {isa = PBXFileReference; lastKnownFileType = sourcecode.c.objc; path = AppDelegate.m; sourceTree = "<group>"; };
		F5A6A82C1F5DA7EF005E109F /* EntryViewController.h */ = {isa = PBXFileReference; lastKnownFileType = sourcecode.c.h; path = EntryViewController.h; sourceTree = "<group>"; };
		F5A6A82D1F5DA7EF005E109F /* EntryViewController.m */ = {isa = PBXFileReference; lastKnownFileType = sourcecode.c.objc; path = EntryViewController.m; sourceTree = "<group>"; };
		F5A6A8301F5DA7EF005E109F /* Base */ = {isa = PBXFileReference; lastKnownFileType = file.storyboard; name = Base; path = Base.lproj/Main.storyboard; sourceTree = "<group>"; };
		F5A6A8321F5DA7EF005E109F /* Assets.xcassets */ = {isa = PBXFileReference; lastKnownFileType = folder.assetcatalog; path = Assets.xcassets; sourceTree = "<group>"; };
		F5A6A8351F5DA7EF005E109F /* Base */ = {isa = PBXFileReference; lastKnownFileType = file.storyboard; name = Base; path = Base.lproj/LaunchScreen.storyboard; sourceTree = "<group>"; };
		F5A6A8371F5DA7EF005E109F /* Info.plist */ = {isa = PBXFileReference; lastKnownFileType = text.plist.xml; path = Info.plist; sourceTree = "<group>"; };
/* End PBXFileReference section */

/* Begin PBXFrameworksBuildPhase section */
		F5A6A8201F5DA7EF005E109F /* Frameworks */ = {
			isa = PBXFrameworksBuildPhase;
			buildActionMask = 2147483647;
			files = (
				F583C3851F813A3400D043DF /* TeeVidClient.framework in Frameworks */,
				F583C3861F813A3400D043DF /* WebRTC.framework in Frameworks */,
				0A3563292188BD0600A8D011 /* SocketIO.framework in Frameworks */,
				0A35632D2188BD0F00A8D011 /* Starscream.framework in Frameworks */,
			);
			runOnlyForDeploymentPostprocessing = 0;
		};
/* End PBXFrameworksBuildPhase section */

/* Begin PBXGroup section */
		F583C37C1F8139F300D043DF /* Frameworks */ = {
			isa = PBXGroup;
			children = (
				0A3563272188BD0500A8D011 /* SocketIO.framework */,
				0A3563282188BD0600A8D011 /* Starscream.framework */,
				F583C3811F813A3400D043DF /* TeeVidClient.framework */,
				F583C3821F813A3400D043DF /* WebRTC.framework */,
			);
			name = Frameworks;
			sourceTree = "<group>";
		};
		F5A6A81A1F5DA7EF005E109F = {
			isa = PBXGroup;
			children = (
				F5A6A8251F5DA7EF005E109F /* TeeVidSample */,
				F5A6A8241F5DA7EF005E109F /* Products */,
				F583C37C1F8139F300D043DF /* Frameworks */,
			);
			sourceTree = "<group>";
		};
		F5A6A8241F5DA7EF005E109F /* Products */ = {
			isa = PBXGroup;
			children = (
				F5A6A8231F5DA7EF005E109F /* TeeVidSample.app */,
			);
			name = Products;
			sourceTree = "<group>";
		};
		F5A6A8251F5DA7EF005E109F /* TeeVidSample */ = {
			isa = PBXGroup;
			children = (
				F5A6A8291F5DA7EF005E109F /* AppDelegate.h */,
				F5A6A82A1F5DA7EF005E109F /* AppDelegate.m */,
				F5A6A82C1F5DA7EF005E109F /* EntryViewController.h */,
				F5A6A82D1F5DA7EF005E109F /* EntryViewController.m */,
				F583C3781F812AB200D043DF /* ConferenceViewController.h */,
				F583C3791F812AB200D043DF /* ConferenceViewController.m */,
				F5A6A82F1F5DA7EF005E109F /* Main.storyboard */,
				F5A6A8321F5DA7EF005E109F /* Assets.xcassets */,
				F5A6A8341F5DA7EF005E109F /* LaunchScreen.storyboard */,
				F5A6A8371F5DA7EF005E109F /* Info.plist */,
				F5A6A8261F5DA7EF005E109F /* Supporting Files */,
			);
			path = TeeVidSample;
			sourceTree = "<group>";
		};
		F5A6A8261F5DA7EF005E109F /* Supporting Files */ = {
			isa = PBXGroup;
			children = (
				F5A6A8271F5DA7EF005E109F /* main.m */,
			);
			name = "Supporting Files";
			sourceTree = "<group>";
		};
/* End PBXGroup section */

/* Begin PBXNativeTarget section */
		F5A6A8221F5DA7EF005E109F /* TeeVidSample */ = {
			isa = PBXNativeTarget;
			buildConfigurationList = F5A6A83A1F5DA7EF005E109F /* Build configuration list for PBXNativeTarget "TeeVidSample" */;
			buildPhases = (
				F5A6A81F1F5DA7EF005E109F /* Sources */,
				F5A6A8201F5DA7EF005E109F /* Frameworks */,
				F5A6A8211F5DA7EF005E109F /* Resources */,
				F583C38F1F813A5700D043DF /* Embed Frameworks */,
			);
			buildRules = (
			);
			dependencies = (
			);
			name = TeeVidSample;
			productName = TeeVidSample;
			productReference = F5A6A8231F5DA7EF005E109F /* TeeVidSample.app */;
			productType = "com.apple.product-type.application";
		};
/* End PBXNativeTarget section */

/* Begin PBXProject section */
		F5A6A81B1F5DA7EF005E109F /* Project object */ = {
			isa = PBXProject;
			attributes = {
				LastUpgradeCheck = 0930;
				TargetAttributes = {
					F5A6A8221F5DA7EF005E109F = {
						CreatedOnToolsVersion = 8.3.2;
						DevelopmentTeam = W8WB83L7CH;
						ProvisioningStyle = Automatic;
					};
				};
			};
			buildConfigurationList = F5A6A81E1F5DA7EF005E109F /* Build configuration list for PBXProject "TeeVidSample" */;
			compatibilityVersion = "Xcode 3.2";
			developmentRegion = English;
			hasScannedForEncodings = 0;
			knownRegions = (
				English,
				en,
				Base,
			);
			mainGroup = F5A6A81A1F5DA7EF005E109F;
			productRefGroup = F5A6A8241F5DA7EF005E109F /* Products */;
			projectDirPath = "";
			projectRoot = "";
			targets = (
				F5A6A8221F5DA7EF005E109F /* TeeVidSample */,
			);
		};
/* End PBXProject section */

/* Begin PBXResourcesBuildPhase section */
		F5A6A8211F5DA7EF005E109F /* Resources */ = {
			isa = PBXResourcesBuildPhase;
			buildActionMask = 2147483647;
			files = (
				F5A6A8361F5DA7EF005E109F /* LaunchScreen.storyboard in Resources */,
				F5A6A8331F5DA7EF005E109F /* Assets.xcassets in Resources */,
				F5A6A8311F5DA7EF005E109F /* Main.storyboard in Resources */,
			);
			runOnlyForDeploymentPostprocessing = 0;
		};
/* End PBXResourcesBuildPhase section */

/* Begin PBXSourcesBuildPhase section */
		F5A6A81F1F5DA7EF005E109F /* Sources */ = {
			isa = PBXSourcesBuildPhase;
			buildActionMask = 2147483647;
			files = (
				F583C37A1F812AB200D043DF /* ConferenceViewController.m in Sources */,
				F5A6A82E1F5DA7EF005E109F /* EntryViewController.m in Sources */,
				F5A6A82B1F5DA7EF005E109F /* AppDelegate.m in Sources */,
				F5A6A8281F5DA7EF005E109F /* main.m in Sources */,
			);
			runOnlyForDeploymentPostprocessing = 0;
		};
/* End PBXSourcesBuildPhase section */

/* Begin PBXVariantGroup section */
		F5A6A82F1F5DA7EF005E109F /* Main.storyboard */ = {
			isa = PBXVariantGroup;
			children = (
				F5A6A8301F5DA7EF005E109F /* Base */,
			);
			name = Main.storyboard;
			sourceTree = "<group>";
		};
		F5A6A8341F5DA7EF005E109F /* LaunchScreen.storyboard */ = {
			isa = PBXVariantGroup;
			children = (
				F5A6A8351F5DA7EF005E109F /* Base */,
			);
			name = LaunchScreen.storyboard;
			sourceTree = "<group>";
		};
/* End PBXVariantGroup section */

/* Begin XCBuildConfiguration section */
		F5A6A8381F5DA7EF005E109F /* Debug */ = {
			isa = XCBuildConfiguration;
			buildSettings = {
				ALWAYS_EMBED_SWIFT_STANDARD_LIBRARIES = YES;
				ALWAYS_SEARCH_USER_PATHS = NO;
				CLANG_ANALYZER_NONNULL = YES;
				CLANG_ANALYZER_NUMBER_OBJECT_CONVERSION = YES_AGGRESSIVE;
				CLANG_CXX_LANGUAGE_STANDARD = "gnu++0x";
				CLANG_CXX_LIBRARY = "libc++";
				CLANG_ENABLE_MODULES = YES;
				CLANG_ENABLE_OBJC_ARC = YES;
				CLANG_WARN_BLOCK_CAPTURE_AUTORELEASING = YES;
				CLANG_WARN_BOOL_CONVERSION = YES;
				CLANG_WARN_COMMA = YES;
				CLANG_WARN_CONSTANT_CONVERSION = YES;
				CLANG_WARN_DEPRECATED_OBJC_IMPLEMENTATIONS = YES;
				CLANG_WARN_DIRECT_OBJC_ISA_USAGE = YES_ERROR;
				CLANG_WARN_DOCUMENTATION_COMMENTS = YES;
				CLANG_WARN_EMPTY_BODY = YES;
				CLANG_WARN_ENUM_CONVERSION = YES;
				CLANG_WARN_INFINITE_RECURSION = YES;
				CLANG_WARN_INT_CONVERSION = YES;
				CLANG_WARN_NON_LITERAL_NULL_CONVERSION = YES;
				CLANG_WARN_OBJC_IMPLICIT_RETAIN_SELF = YES;
				CLANG_WARN_OBJC_LITERAL_CONVERSION = YES;
				CLANG_WARN_OBJC_ROOT_CLASS = YES_ERROR;
				CLANG_WARN_RANGE_LOOP_ANALYSIS = YES;
				CLANG_WARN_STRICT_PROTOTYPES = YES;
				CLANG_WARN_SUSPICIOUS_MOVE = YES;
				CLANG_WARN_UNREACHABLE_CODE = YES;
				CLANG_WARN__DUPLICATE_METHOD_MATCH = YES;
				"CODE_SIGN_IDENTITY[sdk=iphoneos*]" = "";
				COPY_PHASE_STRIP = NO;
				DEBUG_INFORMATION_FORMAT = dwarf;
				ENABLE_BITCODE = NO;
				ENABLE_STRICT_OBJC_MSGSEND = YES;
				ENABLE_TESTABILITY = YES;
				GCC_C_LANGUAGE_STANDARD = gnu99;
				GCC_DYNAMIC_NO_PIC = NO;
				GCC_NO_COMMON_BLOCKS = YES;
				GCC_OPTIMIZATION_LEVEL = 0;
				GCC_PREPROCESSOR_DEFINITIONS = (
					"DEBUG=1",
					"$(inherited)",
				);
				GCC_WARN_64_TO_32_BIT_CONVERSION = YES;
				GCC_WARN_ABOUT_RETURN_TYPE = YES_ERROR;
				GCC_WARN_UNDECLARED_SELECTOR = YES;
				GCC_WARN_UNINITIALIZED_AUTOS = YES_AGGRESSIVE;
				GCC_WARN_UNUSED_FUNCTION = YES;
				GCC_WARN_UNUSED_VARIABLE = YES;
				IPHONEOS_DEPLOYMENT_TARGET = 9.0;
				MTL_ENABLE_DEBUG_INFO = YES;
				ONLY_ACTIVE_ARCH = YES;
				SDKROOT = iphoneos;
				TARGETED_DEVICE_FAMILY = "1,2";
			};
			name = Debug;
		};
		F5A6A8391F5DA7EF005E109F /* Release */ = {
			isa = XCBuildConfiguration;
			buildSettings = {
				ALWAYS_EMBED_SWIFT_STANDARD_LIBRARIES = YES;
				ALWAYS_SEARCH_USER_PATHS = NO;
				CLANG_ANALYZER_NONNULL = YES;
				CLANG_ANALYZER_NUMBER_OBJECT_CONVERSION = YES_AGGRESSIVE;
				CLANG_CXX_LANGUAGE_STANDARD = "gnu++0x";
				CLANG_CXX_LIBRARY = "libc++";
				CLANG_ENABLE_MODULES = YES;
				CLANG_ENABLE_OBJC_ARC = YES;
				CLANG_WARN_BLOCK_CAPTURE_AUTORELEASING = YES;
				CLANG_WARN_BOOL_CONVERSION = YES;
				CLANG_WARN_COMMA = YES;
				CLANG_WARN_CONSTANT_CONVERSION = YES;
				CLANG_WARN_DEPRECATED_OBJC_IMPLEMENTATIONS = YES;
				CLANG_WARN_DIRECT_OBJC_ISA_USAGE = YES_ERROR;
				CLANG_WARN_DOCUMENTATION_COMMENTS = YES;
				CLANG_WARN_EMPTY_BODY = YES;
				CLANG_WARN_ENUM_CONVERSION = YES;
				CLANG_WARN_INFINITE_RECURSION = YES;
				CLANG_WARN_INT_CONVERSION = YES;
				CLANG_WARN_NON_LITERAL_NULL_CONVERSION = YES;
				CLANG_WARN_OBJC_IMPLICIT_RETAIN_SELF = YES;
				CLANG_WARN_OBJC_LITERAL_CONVERSION = YES;
				CLANG_WARN_OBJC_ROOT_CLASS = YES_ERROR;
				CLANG_WARN_RANGE_LOOP_ANALYSIS = YES;
				CLANG_WARN_STRICT_PROTOTYPES = YES;
				CLANG_WARN_SUSPICIOUS_MOVE = YES;
				CLANG_WARN_UNREACHABLE_CODE = YES;
				CLANG_WARN__DUPLICATE_METHOD_MATCH = YES;
				"CODE_SIGN_IDENTITY[sdk=iphoneos*]" = "";
				COPY_PHASE_STRIP = NO;
				DEBUG_INFORMATION_FORMAT = "dwarf-with-dsym";
				ENABLE_BITCODE = NO;
				ENABLE_NS_ASSERTIONS = NO;
				ENABLE_STRICT_OBJC_MSGSEND = YES;
				GCC_C_LANGUAGE_STANDARD = gnu99;
				GCC_NO_COMMON_BLOCKS = YES;
				GCC_WARN_64_TO_32_BIT_CONVERSION = YES;
				GCC_WARN_ABOUT_RETURN_TYPE = YES_ERROR;
				GCC_WARN_UNDECLARED_SELECTOR = YES;
				GCC_WARN_UNINITIALIZED_AUTOS = YES_AGGRESSIVE;
				GCC_WARN_UNUSED_FUNCTION = YES;
				GCC_WARN_UNUSED_VARIABLE = YES;
				IPHONEOS_DEPLOYMENT_TARGET = 9.0;
				MTL_ENABLE_DEBUG_INFO = NO;
				SDKROOT = iphoneos;
				TARGETED_DEVICE_FAMILY = "1,2";
				VALIDATE_PRODUCT = YES;
			};
			name = Release;
		};
		F5A6A83B1F5DA7EF005E109F /* Debug */ = {
			isa = XCBuildConfiguration;
			buildSettings = {
				ASSETCATALOG_COMPILER_APPICON_NAME = AppIcon;
				"CODE_SIGN_IDENTITY[sdk=iphoneos*]" = "iPhone Developer";
				CURRENT_PROJECT_VERSION = 2475;
				DEVELOPMENT_TEAM = W8WB83L7CH;
				FRAMEWORK_SEARCH_PATHS = (
					"$(inherited)",
					"$(PROJECT_DIR)/Lib",
				);
				INFOPLIST_FILE = TeeVidSample/Info.plist;
				LD_RUNPATH_SEARCH_PATHS = "$(inherited) @executable_path/Frameworks";
				MARKETING_VERSION = 5.2;
				PRODUCT_BUNDLE_IDENTIFIER = com.teevid.TeeVidSample;
				PRODUCT_NAME = "$(TARGET_NAME)";
				PROVISIONING_PROFILE_SPECIFIER = "";
			};
			name = Debug;
		};
		F5A6A83C1F5DA7EF005E109F /* Release */ = {
			isa = XCBuildConfiguration;
			buildSettings = {
				ASSETCATALOG_COMPILER_APPICON_NAME = AppIcon;
				"CODE_SIGN_IDENTITY[sdk=iphoneos*]" = "iPhone Developer";
				CURRENT_PROJECT_VERSION = 2475;
				DEVELOPMENT_TEAM = W8WB83L7CH;
				FRAMEWORK_SEARCH_PATHS = (
					"$(inherited)",
					"$(PROJECT_DIR)/Lib",
				);
				INFOPLIST_FILE = TeeVidSample/Info.plist;
				LD_RUNPATH_SEARCH_PATHS = "$(inherited) @executable_path/Frameworks";
				MARKETING_VERSION = 5.2;
				PRODUCT_BUNDLE_IDENTIFIER = com.teevid.TeeVidSample;
				PRODUCT_NAME = "$(TARGET_NAME)";
				PROVISIONING_PROFILE_SPECIFIER = "";
			};
			name = Release;
		};
/* End XCBuildConfiguration section */

/* Begin XCConfigurationList section */
		F5A6A81E1F5DA7EF005E109F /* Build configuration list for PBXProject "TeeVidSample" */ = {
			isa = XCConfigurationList;
			buildConfigurations = (
				F5A6A8381F5DA7EF005E109F /* Debug */,
				F5A6A8391F5DA7EF005E109F /* Release */,
			);
			defaultConfigurationIsVisible = 0;
			defaultConfigurationName = Release;
		};
		F5A6A83A1F5DA7EF005E109F /* Build configuration list for PBXNativeTarget "TeeVidSample" */ = {
			isa = XCConfigurationList;
			buildConfigurations = (
				F5A6A83B1F5DA7EF005E109F /* Debug */,
				F5A6A83C1F5DA7EF005E109F /* Release */,
			);
			defaultConfigurationIsVisible = 0;
			defaultConfigurationName = Release;
		};
/* End XCConfigurationList section */
	};
	rootObject = F5A6A81B1F5DA7EF005E109F /* Project object */;
}
